
Microsoft Visual Studio Solution File, Format Version 12.00
# Visual Studio Version 16
VisualStudioVersion = 16.0.29728.190
MinimumVisualStudioVersion = 10.0.40219.1
Project("{9A19103F-16F7-4668-BE54-9A1E7A4F7556}") = "MyLittlePony.AT.Framework", "MyLittlePony.AT.Framework\MyLittlePony.AT.Framework.csproj", "{673E530F-7C3B-485B-AA62-C33E4BEB9638}"
EndProject
Project("{9A19103F-16F7-4668-BE54-9A1E7A4F7556}") = "MyLittlePony.Tests", "MyLittlePony.Tests\MyLittlePony.Tests.csproj", "{92F3A43B-C918-4B75-BA24-9ED7E8495CD0}"
EndProject
Project("{2150E333-8FDC-42A3-9474-1A3956D46DE8}") = "Solution Items", "Solution Items", "{92770294-8984-4301-8BC7-7F70E2032BFB}"
	ProjectSection(SolutionItems) = preProject
		.gitignore = .gitignore
	EndProjectSection
EndProject
Project("{FAE04EC0-301F-11D3-BF4B-00C04F79EFBC}") = "MyLittlePony.AT.Selenium", "MyLittlePony.AT.Selenium\MyLittlePony.AT.Selenium.csproj", "{116D1260-3432-4910-85B1-A5AB66059947}"
EndProject
Global
	GlobalSection(SolutionConfigurationPlatforms) = preSolution
		Debug|Any CPU = Debug|Any CPU
		Release|Any CPU = Release|Any CPU
	EndGlobalSection
	GlobalSection(ProjectConfigurationPlatforms) = postSolution
		{673E530F-7C3B-485B-AA62-C33E4BEB9638}.Debug|Any CPU.ActiveCfg = Debug|Any CPU
		{673E530F-7C3B-485B-AA62-C33E4BEB9638}.Debug|Any CPU.Build.0 = Debug|Any CPU
		{673E530F-7C3B-485B-AA62-C33E4BEB9638}.Release|Any CPU.ActiveCfg = Release|Any CPU
		{673E530F-7C3B-485B-AA62-C33E4BEB9638}.Release|Any CPU.Build.0 = Release|Any CPU
		{92F3A43B-C918-4B75-BA24-9ED7E8495CD0}.Debug|Any CPU.ActiveCfg = Debug|Any CPU
		{92F3A43B-C918-4B75-BA24-9ED7E8495CD0}.Debug|Any CPU.Build.0 = Debug|Any CPU
		{92F3A43B-C918-4B75-BA24-9ED7E8495CD0}.Release|Any CPU.ActiveCfg = Release|Any CPU
		{92F3A43B-C918-4B75-BA24-9ED7E8495CD0}.Release|Any CPU.Build.0 = Release|Any CPU
		{116D1260-3432-4910-85B1-A5AB66059947}.Debug|Any CPU.ActiveCfg = Debug|Any CPU
		{116D1260-3432-4910-85B1-A5AB66059947}.Debug|Any CPU.Build.0 = Debug|Any CPU
		{116D1260-3432-4910-85B1-A5AB66059947}.Release|Any CPU.ActiveCfg = Release|Any CPU
		{116D1260-3432-4910-85B1-A5AB66059947}.Release|Any CPU.Build.0 = Release|Any CPU
	EndGlobalSection
	GlobalSection(SolutionProperties) = preSolution
		HideSolutionNode = FALSE
	EndGlobalSection
	GlobalSection(ExtensibilityGlobals) = postSolution
		SolutionGuid = {EE46E1CA-7A7B-4CCA-B316-CC47DAA1B0AC}
	EndGlobalSection
EndGlobal
